// !$*UTF8*$!
{
	archiveVersion = 1;
	classes = {
	};
	objectVersion = 77;
	objects = {

/* Begin PBXBuildFile section */
		11A2B3C4D5E6F708192A3B4C /* TurnFileAutocompleteTokenTests.swift in Sources */ = {isa = PBXBuildFile; fileRef = 11A2B3C4D5E6F708192A3B4D /* TurnFileAutocompleteTokenTests.swift */; };
		1BF7B512D49503A3C3290F00 /* BridgeMenuBarStore.swift in Sources */ = {isa = PBXBuildFile; fileRef = 3A1FC345ADD350213550F36C /* BridgeMenuBarStore.swift */; };
		22B3C4D5E6F708192A3B4C5D /* CodexFuzzyFileSearchDecodeTests.swift in Sources */ = {isa = PBXBuildFile; fileRef = 22B3C4D5E6F708192A3B4C5E /* CodexFuzzyFileSearchDecodeTests.swift */; };
		2A6D4B8C1E3F507192A4B6C8 /* CodexStatusTests.swift in Sources */ = {isa = PBXBuildFile; fileRef = 2A6D4B8C1E3F507192A4B6C9 /* CodexStatusTests.swift */; };
		45ECA26015C46B1F63E84A73 /* Assets.xcassets in Resources */ = {isa = PBXBuildFile; fileRef = A932BE773A84EFEA525DF684 /* Assets.xcassets */; };
		4C0F0D55A5051D8301463C69 /* TurnComposerSendAvailabilityTests.swift in Sources */ = {isa = PBXBuildFile; fileRef = 74BE370810CFD7A76DC2A25F /* TurnComposerSendAvailabilityTests.swift */; };
		4CCE0926DAD312571934343A /* TurnTimelineReducerTests.swift in Sources */ = {isa = PBXBuildFile; fileRef = 4EEB36EBEA2A475AC9B30B1F /* TurnTimelineReducerTests.swift */; };
		516497899B5C9A82CD10D93F /* Foundation.framework in Frameworks */ = {isa = PBXBuildFile; fileRef = 9A37794F4B32C1952A3770E0 /* Foundation.framework */; };
		536FE94CCA889CE20A57EC42 /* BridgeControlService.swift in Sources */ = {isa = PBXBuildFile; fileRef = 357D589B8C179934A884F8CC /* BridgeControlService.swift */; };
		5D0DB447AAE8F5B60D164223 /* BridgeMenuBarViews.swift in Sources */ = {isa = PBXBuildFile; fileRef = 53C1E3E027CF4B98453962A0 /* BridgeMenuBarViews.swift */; };
		653D2279D3E2FEE59237D854 /* BridgeControlModels.swift in Sources */ = {isa = PBXBuildFile; fileRef = C9CD1EA13B728103A5654EEA /* BridgeControlModels.swift */; };
		6F8E129A7BC34A12D45E6F70 /* CodexThreadStartProjectBindingTests.swift in Sources */ = {isa = PBXBuildFile; fileRef = 6F8E129A7BC34A12D45E6F71 /* CodexThreadStartProjectBindingTests.swift */; };
		7A1B2C3D4E5F60718293A4B5 /* CodexThreadRuntimeOverrideTests.swift in Sources */ = {isa = PBXBuildFile; fileRef = 7A1B2C3D4E5F60718293A4B6 /* CodexThreadRuntimeOverrideTests.swift */; };
		7EFA3E8309EF41CA902C7A67 /* AssistantTurnEndActionVisibilityTests.swift in Sources */ = {isa = PBXBuildFile; fileRef = 02C96CD0916A43F38184398D /* AssistantTurnEndActionVisibilityTests.swift */; };
		8B4A2F5E7D1C4B9AA1234567 /* TurnComposerAttachmentIntakePlanTests.swift in Sources */ = {isa = PBXBuildFile; fileRef = 8B4A2F5E7D1C4B9AA1234568 /* TurnComposerAttachmentIntakePlanTests.swift */; };
		8CE11223A4B5C6D7E8F90123 /* SidebarRunBadgePerformanceTests.swift in Sources */ = {isa = PBXBuildFile; fileRef = 8CE11223A4B5C6D7E8F90124 /* SidebarRunBadgePerformanceTests.swift */; };
		8D1F2A3B4C5D6E7F8091A2B3 /* CodexServiceConnectionErrorTests.swift in Sources */ = {isa = PBXBuildFile; fileRef = 8D1F2A3B4C5D6E7F8091A2B4 /* CodexServiceConnectionErrorTests.swift */; };
		8F1A2B3C4D5E6F708192A3B4 /* CodexPushNotificationRegistrationTests.swift in Sources */ = {isa = PBXBuildFile; fileRef = 8F1A2B3C4D5E6F708192A3B5 /* CodexPushNotificationRegistrationTests.swift */; };
		90120FC72C9B8D0F5F03F14D /* CodexMobileUITests.swift in Sources */ = {isa = PBXBuildFile; fileRef = D523A0A98D6540D0E2EE6131 /* CodexMobileUITests.swift */; };
		9D7C9A8B7E6D5C4B3A291817 /* TurnViewModelQueueTests.swift in Sources */ = {isa = PBXBuildFile; fileRef = 9D7C9A8B7E6D5C4B3A291818 /* TurnViewModelQueueTests.swift */; };
		A2B3C4D5E6F708192A3B4C6 /* CodexServiceThreadListTests.swift in Sources */ = {isa = PBXBuildFile; fileRef = A2B3C4D5E6F708192A3B4C7 /* CodexServiceThreadListTests.swift */; };
		A9F1B2C3D4E5F60718293A40 /* TurnSkillAutocompleteTokenTests.swift in Sources */ = {isa = PBXBuildFile; fileRef = A9F1B2C3D4E5F60718293A41 /* TurnSkillAutocompleteTokenTests.swift */; };
		A9F1B2C3D4E5F60718293A42 /* CodexSkillsListDecodeTests.swift in Sources */ = {isa = PBXBuildFile; fileRef = A9F1B2C3D4E5F60718293A43 /* CodexSkillsListDecodeTests.swift */; };
		A9F1B2C3D4E5F60718293A44 /* CodexTurnInputPayloadSkillTests.swift in Sources */ = {isa = PBXBuildFile; fileRef = A9F1B2C3D4E5F60718293A45 /* CodexTurnInputPayloadSkillTests.swift */; };
		A9F1B2C3D4E5F60718293A46 /* CodexStructuredUserInputDecodeTests.swift in Sources */ = {isa = PBXBuildFile; fileRef = A9F1B2C3D4E5F60718293A47 /* CodexStructuredUserInputDecodeTests.swift */; };
		AB1C2D3E4F5061728394A5B7 /* TurnComposerReviewModeTests.swift in Sources */ = {isa = PBXBuildFile; fileRef = AB1C2D3E4F5061728394A5B6 /* TurnComposerReviewModeTests.swift */; };
		B0C1D2E3F40516273849A5B7 /* TurnSlashCommandTokenTests.swift in Sources */ = {isa = PBXBuildFile; fileRef = B0C1D2E3F40516273849A5B6 /* TurnSlashCommandTokenTests.swift */; };
		B1C2D3E4F5061728394A5B6C /* CodexServiceIncomingCommandExecutionTests.swift in Sources */ = {isa = PBXBuildFile; fileRef = C1D2E3F40516273849A5B6C7 /* CodexServiceIncomingCommandExecutionTests.swift */; };
		B3C4D5E6F708192A3B4C5D6E /* CodexPlanModeTests.swift in Sources */ = {isa = PBXBuildFile; fileRef = B3C4D5E6F708192A3B4C5D6F /* CodexPlanModeTests.swift */; };
		B7A1C2D3E4F5061728394051 /* SidebarThreadGroupingTests.swift in Sources */ = {isa = PBXBuildFile; fileRef = B7A1C2D3E4F5061728394052 /* SidebarThreadGroupingTests.swift */; };
		C04E214B2F71D34100AA3193 /* RevenueCat in Frameworks */ = {isa = PBXBuildFile; productRef = C04E214A2F71D34100AA3193 /* RevenueCat */; };
		C0DED3362F5E39DC0021A8E8 /* Textual in Frameworks */ = {isa = PBXBuildFile; productRef = C0DED3352F5E39DC0021A8E8 /* Textual */; };
		C0F0D1FF2F7210A700A17B41 /* MarkdownView in Frameworks */ = {isa = PBXBuildFile; productRef = C0F0D1FE2F7210A700A17B41 /* MarkdownView */; };
		D0C0FFEE0000000000000001 /* TextualMarkdownRenderingRegressionTests.swift in Sources */ = {isa = PBXBuildFile; fileRef = D0C0FFEE0000000000000002 /* TextualMarkdownRenderingRegressionTests.swift */; };
		D27B9CA5F0B60ECA8AF38016 /* Foundation.framework in Frameworks */ = {isa = PBXBuildFile; fileRef = 9A37794F4B32C1952A3770E0 /* Foundation.framework */; };
		D4F56781234567890ABCDE01 /* CodexServiceIncomingRunIndicatorTests.swift in Sources */ = {isa = PBXBuildFile; fileRef = D4F56781234567890ABCDE02 /* CodexServiceIncomingRunIndicatorTests.swift */; };
		DAAD0C0C717F9415C3E9D21A /* RemodexMenuBarApp.swift in Sources */ = {isa = PBXBuildFile; fileRef = C0B9CCCCC45E47616AB452FA /* RemodexMenuBarApp.swift */; };
		DC6E023DD6E4FA68DF3D7FDE /* Cocoa.framework in Frameworks */ = {isa = PBXBuildFile; fileRef = E5E1FA12CF5120C8C8A64111 /* Cocoa.framework */; };
		E1A2B3C4D5E6F708192A3B4C /* QRScannerPairingValidatorTests.swift in Sources */ = {isa = PBXBuildFile; fileRef = E1A2B3C4D5E6F708192A3B4D /* QRScannerPairingValidatorTests.swift */; };
		F1B2C3D4E5F60718293A4B10 /* CodexGPTAccountTests.swift in Sources */ = {isa = PBXBuildFile; fileRef = F1B2C3D4E5F60718293A4B11 /* CodexGPTAccountTests.swift */; };
/* End PBXBuildFile section */

/* Begin PBXContainerItemProxy section */
		5D03133674F4AAC9F7795B99 /* PBXContainerItemProxy */ = {
			isa = PBXContainerItemProxy;
			containerPortal = C09A76A62F4B8D7B003B3F3A /* Project object */;
			proxyType = 1;
			remoteGlobalIDString = C09A76AD2F4B8D7B003B3F3A;
			remoteInfo = CodexMobile;
		};
		E2BB2694093FF25EF91584CB /* PBXContainerItemProxy */ = {
			isa = PBXContainerItemProxy;
			containerPortal = C09A76A62F4B8D7B003B3F3A /* Project object */;
			proxyType = 1;
			remoteGlobalIDString = C09A76AD2F4B8D7B003B3F3A;
			remoteInfo = CodexMobile;
		};
/* End PBXContainerItemProxy section */

/* Begin PBXFileReference section */
		02C96CD0916A43F38184398D /* AssistantTurnEndActionVisibilityTests.swift */ = {isa = PBXFileReference; includeInIndex = 1; lastKnownFileType = sourcecode.swift; path = AssistantTurnEndActionVisibilityTests.swift; sourceTree = "<group>"; };
		11A2B3C4D5E6F708192A3B4D /* TurnFileAutocompleteTokenTests.swift */ = {isa = PBXFileReference; includeInIndex = 1; lastKnownFileType = sourcecode.swift; path = TurnFileAutocompleteTokenTests.swift; sourceTree = "<group>"; };
		22B3C4D5E6F708192A3B4C5E /* CodexFuzzyFileSearchDecodeTests.swift */ = {isa = PBXFileReference; includeInIndex = 1; lastKnownFileType = sourcecode.swift; path = CodexFuzzyFileSearchDecodeTests.swift; sourceTree = "<group>"; };
		2A6D4B8C1E3F507192A4B6C9 /* CodexStatusTests.swift */ = {isa = PBXFileReference; includeInIndex = 1; lastKnownFileType = sourcecode.swift; path = CodexStatusTests.swift; sourceTree = "<group>"; };
		357D589B8C179934A884F8CC /* BridgeControlService.swift */ = {isa = PBXFileReference; includeInIndex = 1; lastKnownFileType = sourcecode.swift; path = BridgeControlService.swift; sourceTree = "<group>"; };
		3A1FC345ADD350213550F36C /* BridgeMenuBarStore.swift */ = {isa = PBXFileReference; includeInIndex = 1; lastKnownFileType = sourcecode.swift; path = BridgeMenuBarStore.swift; sourceTree = "<group>"; };
		3B1A9C7D5E4F60718293A4B5 /* BuildSupport/Base.xcconfig */ = {isa = PBXFileReference; lastKnownFileType = text.xcconfig; path = BuildSupport/Base.xcconfig; sourceTree = SOURCE_ROOT; };
		4EEB36EBEA2A475AC9B30B1F /* TurnTimelineReducerTests.swift */ = {isa = PBXFileReference; includeInIndex = 1; lastKnownFileType = sourcecode.swift; path = TurnTimelineReducerTests.swift; sourceTree = "<group>"; };
		53C1E3E027CF4B98453962A0 /* BridgeMenuBarViews.swift */ = {isa = PBXFileReference; includeInIndex = 1; lastKnownFileType = sourcecode.swift; path = BridgeMenuBarViews.swift; sourceTree = "<group>"; };
		6880B31C08D19C3D55FC62F0 /* RemodexMenuBar-Info.plist */ = {isa = PBXFileReference; includeInIndex = 1; lastKnownFileType = text.plist.xml; path = "RemodexMenuBar-Info.plist"; sourceTree = "<group>"; };
		6F8E129A7BC34A12D45E6F71 /* CodexThreadStartProjectBindingTests.swift */ = {isa = PBXFileReference; includeInIndex = 1; lastKnownFileType = sourcecode.swift; path = CodexThreadStartProjectBindingTests.swift; sourceTree = "<group>"; };
		74BE370810CFD7A76DC2A25F /* TurnComposerSendAvailabilityTests.swift */ = {isa = PBXFileReference; includeInIndex = 1; lastKnownFileType = sourcecode.swift; path = TurnComposerSendAvailabilityTests.swift; sourceTree = "<group>"; };
		7A1B2C3D4E5F60718293A4B6 /* CodexThreadRuntimeOverrideTests.swift */ = {isa = PBXFileReference; includeInIndex = 1; lastKnownFileType = sourcecode.swift; path = CodexThreadRuntimeOverrideTests.swift; sourceTree = "<group>"; };
		8B4A2F5E7D1C4B9AA1234568 /* TurnComposerAttachmentIntakePlanTests.swift */ = {isa = PBXFileReference; includeInIndex = 1; lastKnownFileType = sourcecode.swift; path = TurnComposerAttachmentIntakePlanTests.swift; sourceTree = "<group>"; };
		8CE11223A4B5C6D7E8F90124 /* SidebarRunBadgePerformanceTests.swift */ = {isa = PBXFileReference; includeInIndex = 1; lastKnownFileType = sourcecode.swift; path = SidebarRunBadgePerformanceTests.swift; sourceTree = "<group>"; };
		8D1F2A3B4C5D6E7F8091A2B4 /* CodexServiceConnectionErrorTests.swift */ = {isa = PBXFileReference; includeInIndex = 1; lastKnownFileType = sourcecode.swift; path = CodexServiceConnectionErrorTests.swift; sourceTree = "<group>"; };
		8F1A2B3C4D5E6F708192A3B5 /* CodexPushNotificationRegistrationTests.swift */ = {isa = PBXFileReference; includeInIndex = 1; lastKnownFileType = sourcecode.swift; path = CodexPushNotificationRegistrationTests.swift; sourceTree = "<group>"; };
		92DE4487B55C077AF7694484 /* RemodexMenuBar.app */ = {isa = PBXFileReference; explicitFileType = wrapper.application; includeInIndex = 0; path = RemodexMenuBar.app; sourceTree = BUILT_PRODUCTS_DIR; };
		9A37794F4B32C1952A3770E0 /* Foundation.framework */ = {isa = PBXFileReference; lastKnownFileType = wrapper.framework; name = Foundation.framework; path = Platforms/iPhoneOS.platform/Developer/SDKs/iPhoneOS18.0.sdk/System/Library/Frameworks/Foundation.framework; sourceTree = DEVELOPER_DIR; };
		9D7C9A8B7E6D5C4B3A291818 /* TurnViewModelQueueTests.swift */ = {isa = PBXFileReference; includeInIndex = 1; lastKnownFileType = sourcecode.swift; path = TurnViewModelQueueTests.swift; sourceTree = "<group>"; };
		A2B3C4D5E6F708192A3B4C7 /* CodexServiceThreadListTests.swift */ = {isa = PBXFileReference; includeInIndex = 1; lastKnownFileType = sourcecode.swift; path = CodexServiceThreadListTests.swift; sourceTree = "<group>"; };
		A932BE773A84EFEA525DF684 /* Assets.xcassets */ = {isa = PBXFileReference; includeInIndex = 1; lastKnownFileType = folder.assetcatalog; name = Assets.xcassets; path = CodexMobile/Assets.xcassets; sourceTree = "<group>"; };
		A9F1B2C3D4E5F60718293A41 /* TurnSkillAutocompleteTokenTests.swift */ = {isa = PBXFileReference; includeInIndex = 1; lastKnownFileType = sourcecode.swift; path = TurnSkillAutocompleteTokenTests.swift; sourceTree = "<group>"; };
		A9F1B2C3D4E5F60718293A43 /* CodexSkillsListDecodeTests.swift */ = {isa = PBXFileReference; includeInIndex = 1; lastKnownFileType = sourcecode.swift; path = CodexSkillsListDecodeTests.swift; sourceTree = "<group>"; };
		A9F1B2C3D4E5F60718293A45 /* CodexTurnInputPayloadSkillTests.swift */ = {isa = PBXFileReference; includeInIndex = 1; lastKnownFileType = sourcecode.swift; path = CodexTurnInputPayloadSkillTests.swift; sourceTree = "<group>"; };
		A9F1B2C3D4E5F60718293A47 /* CodexStructuredUserInputDecodeTests.swift */ = {isa = PBXFileReference; includeInIndex = 1; lastKnownFileType = sourcecode.swift; path = CodexStructuredUserInputDecodeTests.swift; sourceTree = "<group>"; };
		AB1C2D3E4F5061728394A5B6 /* TurnComposerReviewModeTests.swift */ = {isa = PBXFileReference; includeInIndex = 1; lastKnownFileType = sourcecode.swift; path = TurnComposerReviewModeTests.swift; sourceTree = "<group>"; };
		B0C1D2E3F40516273849A5B6 /* TurnSlashCommandTokenTests.swift */ = {isa = PBXFileReference; includeInIndex = 1; lastKnownFileType = sourcecode.swift; path = TurnSlashCommandTokenTests.swift; sourceTree = "<group>"; };
		B3C4D5E6F708192A3B4C5D6F /* CodexPlanModeTests.swift */ = {isa = PBXFileReference; includeInIndex = 1; lastKnownFileType = sourcecode.swift; path = CodexPlanModeTests.swift; sourceTree = "<group>"; };
		B7A1C2D3E4F5061728394052 /* SidebarThreadGroupingTests.swift */ = {isa = PBXFileReference; includeInIndex = 1; lastKnownFileType = sourcecode.swift; path = SidebarThreadGroupingTests.swift; sourceTree = "<group>"; };
		C09A76AE2F4B8D7B003B3F3A /* CodexMobile.app */ = {isa = PBXFileReference; explicitFileType = wrapper.application; includeInIndex = 0; path = CodexMobile.app; sourceTree = BUILT_PRODUCTS_DIR; };
		C0B9CCCCC45E47616AB452FA /* RemodexMenuBarApp.swift */ = {isa = PBXFileReference; includeInIndex = 1; lastKnownFileType = sourcecode.swift; path = RemodexMenuBarApp.swift; sourceTree = "<group>"; };
		C1D2E3F40516273849A5B6C7 /* CodexServiceIncomingCommandExecutionTests.swift */ = {isa = PBXFileReference; includeInIndex = 1; lastKnownFileType = sourcecode.swift; path = CodexServiceIncomingCommandExecutionTests.swift; sourceTree = "<group>"; };
		C9CD1EA13B728103A5654EEA /* BridgeControlModels.swift */ = {isa = PBXFileReference; includeInIndex = 1; lastKnownFileType = sourcecode.swift; path = BridgeControlModels.swift; sourceTree = "<group>"; };
		D0C0FFEE0000000000000002 /* TextualMarkdownRenderingRegressionTests.swift */ = {isa = PBXFileReference; includeInIndex = 1; lastKnownFileType = sourcecode.swift; path = TextualMarkdownRenderingRegressionTests.swift; sourceTree = "<group>"; };
		D4F56781234567890ABCDE02 /* CodexServiceIncomingRunIndicatorTests.swift */ = {isa = PBXFileReference; includeInIndex = 1; lastKnownFileType = sourcecode.swift; path = CodexServiceIncomingRunIndicatorTests.swift; sourceTree = "<group>"; };
		D523A0A98D6540D0E2EE6131 /* CodexMobileUITests.swift */ = {isa = PBXFileReference; includeInIndex = 1; lastKnownFileType = sourcecode.swift; path = CodexMobileUITests.swift; sourceTree = "<group>"; };
		E1A2B3C4D5E6F708192A3B4D /* QRScannerPairingValidatorTests.swift */ = {isa = PBXFileReference; includeInIndex = 1; lastKnownFileType = sourcecode.swift; path = QRScannerPairingValidatorTests.swift; sourceTree = "<group>"; };
		E5E1FA12CF5120C8C8A64111 /* Cocoa.framework */ = {isa = PBXFileReference; lastKnownFileType = wrapper.framework; name = Cocoa.framework; path = Platforms/MacOSX.platform/Developer/SDKs/MacOSX15.0.sdk/System/Library/Frameworks/Cocoa.framework; sourceTree = DEVELOPER_DIR; };
		F0EE6A924EE6B288E7D0DFE1 /* CodexMobileUITests.xctest */ = {isa = PBXFileReference; explicitFileType = wrapper.cfbundle; includeInIndex = 0; path = CodexMobileUITests.xctest; sourceTree = BUILT_PRODUCTS_DIR; };
		F1B2C3D4E5F60718293A4B11 /* CodexGPTAccountTests.swift */ = {isa = PBXFileReference; includeInIndex = 1; lastKnownFileType = sourcecode.swift; path = CodexGPTAccountTests.swift; sourceTree = "<group>"; };
		FBC8EB1341C49A392A43BFB3 /* CodexMobileTests.xctest */ = {isa = PBXFileReference; explicitFileType = wrapper.cfbundle; includeInIndex = 0; path = CodexMobileTests.xctest; sourceTree = BUILT_PRODUCTS_DIR; };
/* End PBXFileReference section */

/* Begin PBXFileSystemSynchronizedRootGroup section */
		C09A76B02F4B8D7B003B3F3A /* CodexMobile */ = {
			isa = PBXFileSystemSynchronizedRootGroup;
			path = CodexMobile;
			sourceTree = "<group>";
		};
/* End PBXFileSystemSynchronizedRootGroup section */

/* Begin PBXFrameworksBuildPhase section */
		C09A76AB2F4B8D7B003B3F3A /* Frameworks */ = {
			isa = PBXFrameworksBuildPhase;
			buildActionMask = 2147483647;
			files = (
				C04E214B2F71D34100AA3193 /* RevenueCat in Frameworks */,
				C0DED3362F5E39DC0021A8E8 /* Textual in Frameworks */,
				C0F0D1FF2F7210A700A17B41 /* MarkdownView in Frameworks */,
			);
			runOnlyForDeploymentPostprocessing = 0;
		};
		D1687CF50E3519E9AB5D4729 /* Frameworks */ = {
			isa = PBXFrameworksBuildPhase;
			buildActionMask = 2147483647;
			files = (
				516497899B5C9A82CD10D93F /* Foundation.framework in Frameworks */,
			);
			runOnlyForDeploymentPostprocessing = 0;
		};
		EF30E93BAEC4406148BDFC5B /* Frameworks */ = {
			isa = PBXFrameworksBuildPhase;
			buildActionMask = 2147483647;
			files = (
				DC6E023DD6E4FA68DF3D7FDE /* Cocoa.framework in Frameworks */,
			);
			runOnlyForDeploymentPostprocessing = 0;
		};
		F32D0C42A1EB7F5130431B17 /* Frameworks */ = {
			isa = PBXFrameworksBuildPhase;
			buildActionMask = 2147483647;
			files = (
				D27B9CA5F0B60ECA8AF38016 /* Foundation.framework in Frameworks */,
			);
			runOnlyForDeploymentPostprocessing = 0;
		};
/* End PBXFrameworksBuildPhase section */

/* Begin PBXGroup section */
		208D6F189D9F04FCC137EE5A /* CodexMobileTests */ = {
			isa = PBXGroup;
			children = (
				02C96CD0916A43F38184398D /* AssistantTurnEndActionVisibilityTests.swift */,
				22B3C4D5E6F708192A3B4C5E /* CodexFuzzyFileSearchDecodeTests.swift */,
				C1D2E3F40516273849A5B6C7 /* CodexServiceIncomingCommandExecutionTests.swift */,
				8D1F2A3B4C5D6E7F8091A2B4 /* CodexServiceConnectionErrorTests.swift */,
				8F1A2B3C4D5E6F708192A3B5 /* CodexPushNotificationRegistrationTests.swift */,
				D4F56781234567890ABCDE02 /* CodexServiceIncomingRunIndicatorTests.swift */,
				A2B3C4D5E6F708192A3B4C7 /* CodexServiceThreadListTests.swift */,
				E1A2B3C4D5E6F708192A3B4D /* QRScannerPairingValidatorTests.swift */,
				2A6D4B8C1E3F507192A4B6C9 /* CodexStatusTests.swift */,
				6F8E129A7BC34A12D45E6F71 /* CodexThreadStartProjectBindingTests.swift */,
				F1B2C3D4E5F60718293A4B11 /* CodexGPTAccountTests.swift */,
				7A1B2C3D4E5F60718293A4B6 /* CodexThreadRuntimeOverrideTests.swift */,
				B7A1C2D3E4F5061728394052 /* SidebarThreadGroupingTests.swift */,
				8CE11223A4B5C6D7E8F90124 /* SidebarRunBadgePerformanceTests.swift */,
				8B4A2F5E7D1C4B9AA1234568 /* TurnComposerAttachmentIntakePlanTests.swift */,
				74BE370810CFD7A76DC2A25F /* TurnComposerSendAvailabilityTests.swift */,
				AB1C2D3E4F5061728394A5B6 /* TurnComposerReviewModeTests.swift */,
				D0C0FFEE0000000000000002 /* TextualMarkdownRenderingRegressionTests.swift */,
				9D7C9A8B7E6D5C4B3A291818 /* TurnViewModelQueueTests.swift */,
				11A2B3C4D5E6F708192A3B4D /* TurnFileAutocompleteTokenTests.swift */,
				B0C1D2E3F40516273849A5B6 /* TurnSlashCommandTokenTests.swift */,
				A9F1B2C3D4E5F60718293A41 /* TurnSkillAutocompleteTokenTests.swift */,
				A9F1B2C3D4E5F60718293A43 /* CodexSkillsListDecodeTests.swift */,
				A9F1B2C3D4E5F60718293A45 /* CodexTurnInputPayloadSkillTests.swift */,
				A9F1B2C3D4E5F60718293A47 /* CodexStructuredUserInputDecodeTests.swift */,
				B3C4D5E6F708192A3B4C5D6F /* CodexPlanModeTests.swift */,
				4EEB36EBEA2A475AC9B30B1F /* TurnTimelineReducerTests.swift */,
			);
			path = CodexMobileTests;
			sourceTree = "<group>";
		};
		6D1FC704B2547685ECB766D8 /* BuildSupport */ = {
			isa = PBXGroup;
			children = (
				6880B31C08D19C3D55FC62F0 /* RemodexMenuBar-Info.plist */,
			);
			path = BuildSupport;
			sourceTree = "<group>";
		};
		B593FCA030A810D9E56EC959 /* Frameworks */ = {
			isa = PBXGroup;
			children = (
				C1F310AC95AC9514C6883203 /* iOS */,
				F132BC0A90D092E32B9D22C1 /* OS X */,
			);
			name = Frameworks;
			sourceTree = "<group>";
		};
		C07F2BEA2F63A38900DD8621 /* Recovered References */ = {
			isa = PBXGroup;
			children = (
				3B1A9C7D5E4F60718293A4B5 /* BuildSupport/Base.xcconfig */,
			);
			name = "Recovered References";
			sourceTree = "<group>";
		};
		C09A76A52F4B8D7B003B3F3A = {
			isa = PBXGroup;
			children = (
				C09A76B02F4B8D7B003B3F3A /* CodexMobile */,
				C09A76AF2F4B8D7B003B3F3A /* Products */,
				B593FCA030A810D9E56EC959 /* Frameworks */,
				208D6F189D9F04FCC137EE5A /* CodexMobileTests */,
				E7FB7A37E42F80D70FF68438 /* CodexMobileUITests */,
				C07F2BEA2F63A38900DD8621 /* Recovered References */,
				FC9F41DCDCBEA0FE5CA8BFE9 /* RemodexMenuBar */,
				6D1FC704B2547685ECB766D8 /* BuildSupport */,
				C6F6B5CC789F6E8003AF0A88 /* SharedResources */,
			);
			sourceTree = "<group>";
		};
		C09A76AF2F4B8D7B003B3F3A /* Products */ = {
			isa = PBXGroup;
			children = (
				C09A76AE2F4B8D7B003B3F3A /* CodexMobile.app */,
				FBC8EB1341C49A392A43BFB3 /* CodexMobileTests.xctest */,
				F0EE6A924EE6B288E7D0DFE1 /* CodexMobileUITests.xctest */,
				92DE4487B55C077AF7694484 /* RemodexMenuBar.app */,
			);
			name = Products;
			sourceTree = "<group>";
		};
		C1F310AC95AC9514C6883203 /* iOS */ = {
			isa = PBXGroup;
			children = (
				9A37794F4B32C1952A3770E0 /* Foundation.framework */,
			);
			name = iOS;
			sourceTree = "<group>";
		};
		C6F6B5CC789F6E8003AF0A88 /* SharedResources */ = {
			isa = PBXGroup;
			children = (
				A932BE773A84EFEA525DF684 /* Assets.xcassets */,
			);
			name = SharedResources;
			sourceTree = SOURCE_ROOT;
		};
		E7FB7A37E42F80D70FF68438 /* CodexMobileUITests */ = {
			isa = PBXGroup;
			children = (
				D523A0A98D6540D0E2EE6131 /* CodexMobileUITests.swift */,
			);
			path = CodexMobileUITests;
			sourceTree = "<group>";
		};
		F132BC0A90D092E32B9D22C1 /* OS X */ = {
			isa = PBXGroup;
			children = (
				E5E1FA12CF5120C8C8A64111 /* Cocoa.framework */,
			);
			name = "OS X";
			sourceTree = "<group>";
		};
		FC9F41DCDCBEA0FE5CA8BFE9 /* RemodexMenuBar */ = {
			isa = PBXGroup;
			children = (
				C0B9CCCCC45E47616AB452FA /* RemodexMenuBarApp.swift */,
				C9CD1EA13B728103A5654EEA /* BridgeControlModels.swift */,
				357D589B8C179934A884F8CC /* BridgeControlService.swift */,
				3A1FC345ADD350213550F36C /* BridgeMenuBarStore.swift */,
				53C1E3E027CF4B98453962A0 /* BridgeMenuBarViews.swift */,
			);
			path = RemodexMenuBar;
			sourceTree = SOURCE_ROOT;
		};
/* End PBXGroup section */

/* Begin PBXNativeTarget section */
		4DA12F4370C3EC1B9280A66F /* CodexMobileUITests */ = {
			isa = PBXNativeTarget;
			buildConfigurationList = 520922595A0A6AF31B19F229 /* Build configuration list for PBXNativeTarget "CodexMobileUITests" */;
			buildPhases = (
				328D9BFFDCB2BC75D1E050D5 /* Sources */,
				F32D0C42A1EB7F5130431B17 /* Frameworks */,
				9CD817864C4458932F41C6DB /* Resources */,
			);
			buildRules = (
			);
			dependencies = (
				E45B44A48EB84FE175FC34D0 /* PBXTargetDependency */,
			);
			name = CodexMobileUITests;
			productName = CodexMobileUITests;
			productReference = F0EE6A924EE6B288E7D0DFE1 /* CodexMobileUITests.xctest */;
			productType = "com.apple.product-type.bundle.ui-testing";
		};
		4FFD549D910217B7A40E28FF /* RemodexMenuBar */ = {
			isa = PBXNativeTarget;
			buildConfigurationList = C978CFA24307FCCEEA59F4AD /* Build configuration list for PBXNativeTarget "RemodexMenuBar" */;
			buildPhases = (
				2D7AA7FEA6A304C8C903D33E /* Sources */,
				EF30E93BAEC4406148BDFC5B /* Frameworks */,
				12E9F3EA573D6AC70E3A09EA /* Resources */,
			);
			buildRules = (
			);
			dependencies = (
			);
			name = RemodexMenuBar;
			productName = RemodexMenuBar;
			productReference = 92DE4487B55C077AF7694484 /* RemodexMenuBar.app */;
			productType = "com.apple.product-type.application";
		};
		75087BFA4D34C41906650C95 /* CodexMobileTests */ = {
			isa = PBXNativeTarget;
			buildConfigurationList = A12D73031EE6808173A99691 /* Build configuration list for PBXNativeTarget "CodexMobileTests" */;
			buildPhases = (
				CC9279F10CC29F0557B8C955 /* Sources */,
				D1687CF50E3519E9AB5D4729 /* Frameworks */,
				5A5D7883E5CC7BCD3EAC431E /* Resources */,
			);
			buildRules = (
			);
			dependencies = (
				AAE44F8D7AD2D1D62A7CE4B0 /* PBXTargetDependency */,
			);
			name = CodexMobileTests;
			productName = CodexMobileTests;
			productReference = FBC8EB1341C49A392A43BFB3 /* CodexMobileTests.xctest */;
			productType = "com.apple.product-type.bundle.unit-test";
		};
		C09A76AD2F4B8D7B003B3F3A /* CodexMobile */ = {
			isa = PBXNativeTarget;
			buildConfigurationList = C09A76B92F4B8D7C003B3F3A /* Build configuration list for PBXNativeTarget "CodexMobile" */;
			buildPhases = (
				C09A76AA2F4B8D7B003B3F3A /* Sources */,
				C09A76AB2F4B8D7B003B3F3A /* Frameworks */,
				C09A76AC2F4B8D7B003B3F3A /* Resources */,
			);
			buildRules = (
			);
			dependencies = (
			);
			fileSystemSynchronizedGroups = (
				C09A76B02F4B8D7B003B3F3A /* CodexMobile */,
			);
			name = CodexMobile;
			productName = CodexMobile;
			productReference = C09A76AE2F4B8D7B003B3F3A /* CodexMobile.app */;
			productType = "com.apple.product-type.application";
		};
/* End PBXNativeTarget section */

/* Begin PBXProject section */
		C09A76A62F4B8D7B003B3F3A /* Project object */ = {
			isa = PBXProject;
			attributes = {
				BuildIndependentTargetsInParallel = 1;
				LastSwiftUpdateCheck = 2620;
				LastUpgradeCheck = 2620;
				TargetAttributes = {
					C09A76AD2F4B8D7B003B3F3A = {
						CreatedOnToolsVersion = 26.2;
					};
				};
			};
			buildConfigurationList = C09A76A92F4B8D7B003B3F3A /* Build configuration list for PBXProject "CodexMobile" */;
			developmentRegion = en;
			hasScannedForEncodings = 0;
			knownRegions = (
				en,
				Base,
			);
			mainGroup = C09A76A52F4B8D7B003B3F3A;
			minimizedProjectReferenceProxies = 1;
			packageReferences = (
				C0DED3342F5E39DC0021A8E8 /* XCRemoteSwiftPackageReference "textual" */,
				C04E21492F71D34100AA3193 /* XCRemoteSwiftPackageReference "purchases-ios-spm" */,
				C0F0D1FD2F7210A700A17B41 /* XCRemoteSwiftPackageReference "MarkdownView" */,
			);
			preferredProjectObjectVersion = 77;
			productRefGroup = C09A76AF2F4B8D7B003B3F3A /* Products */;
			projectDirPath = "";
			projectRoot = "";
			targets = (
				C09A76AD2F4B8D7B003B3F3A /* CodexMobile */,
				75087BFA4D34C41906650C95 /* CodexMobileTests */,
				4DA12F4370C3EC1B9280A66F /* CodexMobileUITests */,
				4FFD549D910217B7A40E28FF /* RemodexMenuBar */,
			);
		};
/* End PBXProject section */

/* Begin PBXResourcesBuildPhase section */
		12E9F3EA573D6AC70E3A09EA /* Resources */ = {
			isa = PBXResourcesBuildPhase;
			buildActionMask = 2147483647;
			files = (
				45ECA26015C46B1F63E84A73 /* Assets.xcassets in Resources */,
			);
			runOnlyForDeploymentPostprocessing = 0;
		};
		5A5D7883E5CC7BCD3EAC431E /* Resources */ = {
			isa = PBXResourcesBuildPhase;
			buildActionMask = 2147483647;
			files = (
			);
			runOnlyForDeploymentPostprocessing = 0;
		};
		9CD817864C4458932F41C6DB /* Resources */ = {
			isa = PBXResourcesBuildPhase;
			buildActionMask = 2147483647;
			files = (
			);
			runOnlyForDeploymentPostprocessing = 0;
		};
		C09A76AC2F4B8D7B003B3F3A /* Resources */ = {
			isa = PBXResourcesBuildPhase;
			buildActionMask = 2147483647;
			files = (
			);
			runOnlyForDeploymentPostprocessing = 0;
		};
/* End PBXResourcesBuildPhase section */

/* Begin PBXSourcesBuildPhase section */
		2D7AA7FEA6A304C8C903D33E /* Sources */ = {
			isa = PBXSourcesBuildPhase;
			buildActionMask = 2147483647;
			files = (
				DAAD0C0C717F9415C3E9D21A /* RemodexMenuBarApp.swift in Sources */,
				653D2279D3E2FEE59237D854 /* BridgeControlModels.swift in Sources */,
				536FE94CCA889CE20A57EC42 /* BridgeControlService.swift in Sources */,
				1BF7B512D49503A3C3290F00 /* BridgeMenuBarStore.swift in Sources */,
				5D0DB447AAE8F5B60D164223 /* BridgeMenuBarViews.swift in Sources */,
			);
			runOnlyForDeploymentPostprocessing = 0;
		};
		328D9BFFDCB2BC75D1E050D5 /* Sources */ = {
			isa = PBXSourcesBuildPhase;
			buildActionMask = 2147483647;
			files = (
				90120FC72C9B8D0F5F03F14D /* CodexMobileUITests.swift in Sources */,
			);
			runOnlyForDeploymentPostprocessing = 0;
		};
		C09A76AA2F4B8D7B003B3F3A /* Sources */ = {
			isa = PBXSourcesBuildPhase;
			buildActionMask = 2147483647;
			files = (
			);
			runOnlyForDeploymentPostprocessing = 0;
		};
		CC9279F10CC29F0557B8C955 /* Sources */ = {
			isa = PBXSourcesBuildPhase;
			buildActionMask = 2147483647;
			files = (
				7EFA3E8309EF41CA902C7A67 /* AssistantTurnEndActionVisibilityTests.swift in Sources */,
				22B3C4D5E6F708192A3B4C5D /* CodexFuzzyFileSearchDecodeTests.swift in Sources */,
				B1C2D3E4F5061728394A5B6C /* CodexServiceIncomingCommandExecutionTests.swift in Sources */,
				8D1F2A3B4C5D6E7F8091A2B3 /* CodexServiceConnectionErrorTests.swift in Sources */,
				8F1A2B3C4D5E6F708192A3B4 /* CodexPushNotificationRegistrationTests.swift in Sources */,
				D4F56781234567890ABCDE01 /* CodexServiceIncomingRunIndicatorTests.swift in Sources */,
				A2B3C4D5E6F708192A3B4C6 /* CodexServiceThreadListTests.swift in Sources */,
				E1A2B3C4D5E6F708192A3B4C /* QRScannerPairingValidatorTests.swift in Sources */,
				2A6D4B8C1E3F507192A4B6C8 /* CodexStatusTests.swift in Sources */,
				6F8E129A7BC34A12D45E6F70 /* CodexThreadStartProjectBindingTests.swift in Sources */,
				F1B2C3D4E5F60718293A4B10 /* CodexGPTAccountTests.swift in Sources */,
				7A1B2C3D4E5F60718293A4B5 /* CodexThreadRuntimeOverrideTests.swift in Sources */,
				B7A1C2D3E4F5061728394051 /* SidebarThreadGroupingTests.swift in Sources */,
				8CE11223A4B5C6D7E8F90123 /* SidebarRunBadgePerformanceTests.swift in Sources */,
				8B4A2F5E7D1C4B9AA1234567 /* TurnComposerAttachmentIntakePlanTests.swift in Sources */,
				4C0F0D55A5051D8301463C69 /* TurnComposerSendAvailabilityTests.swift in Sources */,
				AB1C2D3E4F5061728394A5B7 /* TurnComposerReviewModeTests.swift in Sources */,
				D0C0FFEE0000000000000001 /* TextualMarkdownRenderingRegressionTests.swift in Sources */,
				9D7C9A8B7E6D5C4B3A291817 /* TurnViewModelQueueTests.swift in Sources */,
				11A2B3C4D5E6F708192A3B4C /* TurnFileAutocompleteTokenTests.swift in Sources */,
				B0C1D2E3F40516273849A5B7 /* TurnSlashCommandTokenTests.swift in Sources */,
				A9F1B2C3D4E5F60718293A40 /* TurnSkillAutocompleteTokenTests.swift in Sources */,
				A9F1B2C3D4E5F60718293A42 /* CodexSkillsListDecodeTests.swift in Sources */,
				A9F1B2C3D4E5F60718293A44 /* CodexTurnInputPayloadSkillTests.swift in Sources */,
				A9F1B2C3D4E5F60718293A46 /* CodexStructuredUserInputDecodeTests.swift in Sources */,
				B3C4D5E6F708192A3B4C5D6E /* CodexPlanModeTests.swift in Sources */,
				4CCE0926DAD312571934343A /* TurnTimelineReducerTests.swift in Sources */,
			);
			runOnlyForDeploymentPostprocessing = 0;
		};
/* End PBXSourcesBuildPhase section */

/* Begin PBXTargetDependency section */
		AAE44F8D7AD2D1D62A7CE4B0 /* PBXTargetDependency */ = {
			isa = PBXTargetDependency;
			name = CodexMobile;
			target = C09A76AD2F4B8D7B003B3F3A /* CodexMobile */;
			targetProxy = 5D03133674F4AAC9F7795B99 /* PBXContainerItemProxy */;
		};
		E45B44A48EB84FE175FC34D0 /* PBXTargetDependency */ = {
			isa = PBXTargetDependency;
			name = CodexMobile;
			target = C09A76AD2F4B8D7B003B3F3A /* CodexMobile */;
			targetProxy = E2BB2694093FF25EF91584CB /* PBXContainerItemProxy */;
		};
/* End PBXTargetDependency section */

/* Begin XCBuildConfiguration section */
		501D189BC697D4A1009B0D76 /* Debug */ = {
			isa = XCBuildConfiguration;
			buildSettings = {
				BUNDLE_LOADER = "$(TEST_HOST)";
				CLANG_ENABLE_OBJC_WEAK = NO;
				CODE_SIGN_STYLE = Automatic;
				DEVELOPMENT_TEAM = HR24WHR326;
				GENERATE_INFOPLIST_FILE = YES;
				INFOPLIST_KEY_CFBundleDisplayName = "$(PRODUCT_NAME)";
				IPHONEOS_DEPLOYMENT_TARGET = 26.2;
				PRODUCT_BUNDLE_IDENTIFIER = com.emanueledipietro.CodexMobileTests;
				PRODUCT_NAME = "$(TARGET_NAME)";
				SDKROOT = iphoneos;
				SWIFT_VERSION = 5.0;
				TARGETED_DEVICE_FAMILY = "1,2";
				TEST_HOST = "$(BUILT_PRODUCTS_DIR)/CodexMobile.app/CodexMobile";
			};
			name = Debug;
		};
		65A5DA106464FE5B4A8C283B /* Debug */ = {
			isa = XCBuildConfiguration;
			buildSettings = {
				CLANG_ENABLE_OBJC_WEAK = NO;
				CODE_SIGN_STYLE = Automatic;
				DEVELOPMENT_TEAM = HR24WHR326;
				GENERATE_INFOPLIST_FILE = YES;
				INFOPLIST_KEY_CFBundleDisplayName = "$(PRODUCT_NAME)";
				IPHONEOS_DEPLOYMENT_TARGET = 26.2;
				PRODUCT_BUNDLE_IDENTIFIER = com.emanueledipietro.CodexMobileUITests;
				PRODUCT_NAME = "$(TARGET_NAME)";
				SDKROOT = iphoneos;
				SWIFT_VERSION = 5.0;
				TARGETED_DEVICE_FAMILY = "1,2";
				TEST_TARGET_NAME = CodexMobile;
			};
			name = Debug;
		};
		8426CF6884E52AD84593126D /* Release */ = {
			isa = XCBuildConfiguration;
			buildSettings = {
				CLANG_ENABLE_OBJC_WEAK = NO;
				CODE_SIGN_STYLE = Automatic;
				DEVELOPMENT_TEAM = HR24WHR326;
				GENERATE_INFOPLIST_FILE = YES;
				INFOPLIST_KEY_CFBundleDisplayName = "$(PRODUCT_NAME)";
				IPHONEOS_DEPLOYMENT_TARGET = 26.2;
				PRODUCT_BUNDLE_IDENTIFIER = com.emanueledipietro.CodexMobileUITests;
				PRODUCT_NAME = "$(TARGET_NAME)";
				SDKROOT = iphoneos;
				SWIFT_VERSION = 5.0;
				TARGETED_DEVICE_FAMILY = "1,2";
				TEST_TARGET_NAME = CodexMobile;
				VALIDATE_PRODUCT = YES;
			};
			name = Release;
		};
		A71FD816CC5B382C7BEB2025 /* Release */ = {
			isa = XCBuildConfiguration;
			buildSettings = {
				BUNDLE_LOADER = "$(TEST_HOST)";
				CLANG_ENABLE_OBJC_WEAK = NO;
				CODE_SIGN_STYLE = Automatic;
				DEVELOPMENT_TEAM = HR24WHR326;
				GENERATE_INFOPLIST_FILE = YES;
				INFOPLIST_KEY_CFBundleDisplayName = "$(PRODUCT_NAME)";
				IPHONEOS_DEPLOYMENT_TARGET = 26.2;
				PRODUCT_BUNDLE_IDENTIFIER = com.emanueledipietro.CodexMobileTests;
				PRODUCT_NAME = "$(TARGET_NAME)";
				SDKROOT = iphoneos;
				SWIFT_VERSION = 5.0;
				TARGETED_DEVICE_FAMILY = "1,2";
				TEST_HOST = "$(BUILT_PRODUCTS_DIR)/CodexMobile.app/CodexMobile";
				VALIDATE_PRODUCT = YES;
			};
			name = Release;
		};
		C09A76B72F4B8D7C003B3F3A /* Debug */ = {
			isa = XCBuildConfiguration;
			buildSettings = {
				ALWAYS_SEARCH_USER_PATHS = NO;
				ASSETCATALOG_COMPILER_GENERATE_SWIFT_ASSET_SYMBOL_EXTENSIONS = YES;
				CLANG_ANALYZER_NONNULL = YES;
				CLANG_ANALYZER_NUMBER_OBJECT_CONVERSION = YES_AGGRESSIVE;
				CLANG_CXX_LANGUAGE_STANDARD = "gnu++20";
				CLANG_ENABLE_MODULES = YES;
				CLANG_ENABLE_OBJC_ARC = YES;
				CLANG_ENABLE_OBJC_WEAK = YES;
				CLANG_WARN_BLOCK_CAPTURE_AUTORELEASING = YES;
				CLANG_WARN_BOOL_CONVERSION = YES;
				CLANG_WARN_COMMA = YES;
				CLANG_WARN_CONSTANT_CONVERSION = YES;
				CLANG_WARN_DEPRECATED_OBJC_IMPLEMENTATIONS = YES;
				CLANG_WARN_DIRECT_OBJC_ISA_USAGE = YES_ERROR;
				CLANG_WARN_DOCUMENTATION_COMMENTS = YES;
				CLANG_WARN_EMPTY_BODY = YES;
				CLANG_WARN_ENUM_CONVERSION = YES;
				CLANG_WARN_INFINITE_RECURSION = YES;
				CLANG_WARN_INT_CONVERSION = YES;
				CLANG_WARN_NON_LITERAL_NULL_CONVERSION = YES;
				CLANG_WARN_OBJC_IMPLICIT_RETAIN_SELF = YES;
				CLANG_WARN_OBJC_LITERAL_CONVERSION = YES;
				CLANG_WARN_OBJC_ROOT_CLASS = YES_ERROR;
				CLANG_WARN_QUOTED_INCLUDE_IN_FRAMEWORK_HEADER = YES;
				CLANG_WARN_RANGE_LOOP_ANALYSIS = YES;
				CLANG_WARN_STRICT_PROTOTYPES = YES;
				CLANG_WARN_SUSPICIOUS_MOVE = YES;
				CLANG_WARN_UNGUARDED_AVAILABILITY = YES_AGGRESSIVE;
				CLANG_WARN_UNREACHABLE_CODE = YES;
				CLANG_WARN__DUPLICATE_METHOD_MATCH = YES;
				COPY_PHASE_STRIP = NO;
				DEBUG_INFORMATION_FORMAT = dwarf;
				DEVELOPMENT_TEAM = HR24WHR326;
				ENABLE_STRICT_OBJC_MSGSEND = YES;
				ENABLE_TESTABILITY = YES;
				ENABLE_USER_SCRIPT_SANDBOXING = YES;
				GCC_C_LANGUAGE_STANDARD = gnu17;
				GCC_DYNAMIC_NO_PIC = NO;
				GCC_NO_COMMON_BLOCKS = YES;
				GCC_OPTIMIZATION_LEVEL = 0;
				GCC_PREPROCESSOR_DEFINITIONS = (
					"DEBUG=1",
					"$(inherited)",
				);
				GCC_WARN_64_TO_32_BIT_CONVERSION = YES;
				GCC_WARN_ABOUT_RETURN_TYPE = YES_ERROR;
				GCC_WARN_UNDECLARED_SELECTOR = YES;
				GCC_WARN_UNINITIALIZED_AUTOS = YES_AGGRESSIVE;
				GCC_WARN_UNUSED_FUNCTION = YES;
				GCC_WARN_UNUSED_VARIABLE = YES;
				IPHONEOS_DEPLOYMENT_TARGET = 26.2;
				LOCALIZATION_PREFERS_STRING_CATALOGS = YES;
				MTL_ENABLE_DEBUG_INFO = INCLUDE_SOURCE;
				MTL_FAST_MATH = YES;
				ONLY_ACTIVE_ARCH = YES;
				SDKROOT = iphoneos;
				SWIFT_ACTIVE_COMPILATION_CONDITIONS = "DEBUG $(inherited)";
				SWIFT_OPTIMIZATION_LEVEL = "-Onone";
			};
			name = Debug;
		};
		C09A76B82F4B8D7C003B3F3A /* Release */ = {
			isa = XCBuildConfiguration;
			buildSettings = {
				ALWAYS_SEARCH_USER_PATHS = NO;
				ASSETCATALOG_COMPILER_GENERATE_SWIFT_ASSET_SYMBOL_EXTENSIONS = YES;
				CLANG_ANALYZER_NONNULL = YES;
				CLANG_ANALYZER_NUMBER_OBJECT_CONVERSION = YES_AGGRESSIVE;
				CLANG_CXX_LANGUAGE_STANDARD = "gnu++20";
				CLANG_ENABLE_MODULES = YES;
				CLANG_ENABLE_OBJC_ARC = YES;
				CLANG_ENABLE_OBJC_WEAK = YES;
				CLANG_WARN_BLOCK_CAPTURE_AUTORELEASING = YES;
				CLANG_WARN_BOOL_CONVERSION = YES;
				CLANG_WARN_COMMA = YES;
				CLANG_WARN_CONSTANT_CONVERSION = YES;
				CLANG_WARN_DEPRECATED_OBJC_IMPLEMENTATIONS = YES;
				CLANG_WARN_DIRECT_OBJC_ISA_USAGE = YES_ERROR;
				CLANG_WARN_DOCUMENTATION_COMMENTS = YES;
				CLANG_WARN_EMPTY_BODY = YES;
				CLANG_WARN_ENUM_CONVERSION = YES;
				CLANG_WARN_INFINITE_RECURSION = YES;
				CLANG_WARN_INT_CONVERSION = YES;
				CLANG_WARN_NON_LITERAL_NULL_CONVERSION = YES;
				CLANG_WARN_OBJC_IMPLICIT_RETAIN_SELF = YES;
				CLANG_WARN_OBJC_LITERAL_CONVERSION = YES;
				CLANG_WARN_OBJC_ROOT_CLASS = YES_ERROR;
				CLANG_WARN_QUOTED_INCLUDE_IN_FRAMEWORK_HEADER = YES;
				CLANG_WARN_RANGE_LOOP_ANALYSIS = YES;
				CLANG_WARN_STRICT_PROTOTYPES = YES;
				CLANG_WARN_SUSPICIOUS_MOVE = YES;
				CLANG_WARN_UNGUARDED_AVAILABILITY = YES_AGGRESSIVE;
				CLANG_WARN_UNREACHABLE_CODE = YES;
				CLANG_WARN__DUPLICATE_METHOD_MATCH = YES;
				COPY_PHASE_STRIP = NO;
				DEBUG_INFORMATION_FORMAT = "dwarf-with-dsym";
				DEVELOPMENT_TEAM = HR24WHR326;
				ENABLE_NS_ASSERTIONS = NO;
				ENABLE_STRICT_OBJC_MSGSEND = YES;
				ENABLE_USER_SCRIPT_SANDBOXING = YES;
				GCC_C_LANGUAGE_STANDARD = gnu17;
				GCC_NO_COMMON_BLOCKS = YES;
				GCC_WARN_64_TO_32_BIT_CONVERSION = YES;
				GCC_WARN_ABOUT_RETURN_TYPE = YES_ERROR;
				GCC_WARN_UNDECLARED_SELECTOR = YES;
				GCC_WARN_UNINITIALIZED_AUTOS = YES_AGGRESSIVE;
				GCC_WARN_UNUSED_FUNCTION = YES;
				GCC_WARN_UNUSED_VARIABLE = YES;
				IPHONEOS_DEPLOYMENT_TARGET = 26.2;
				LOCALIZATION_PREFERS_STRING_CATALOGS = YES;
				MTL_ENABLE_DEBUG_INFO = NO;
				MTL_FAST_MATH = YES;
				SDKROOT = iphoneos;
				SWIFT_COMPILATION_MODE = wholemodule;
				VALIDATE_PRODUCT = YES;
			};
			name = Release;
		};
		C09A76BA2F4B8D7C003B3F3A /* Debug */ = {
			isa = XCBuildConfiguration;
			baseConfigurationReference = 3B1A9C7D5E4F60718293A4B5 /* BuildSupport/Base.xcconfig */;
			buildSettings = {
				ASSETCATALOG_COMPILER_APPICON_NAME = Remodex;
				ASSETCATALOG_COMPILER_GLOBAL_ACCENT_COLOR_NAME = AccentColor;
				ASSETCATALOG_COMPILER_INCLUDE_ALL_APPICON_ASSETS = NO;
				"CODE_SIGN_ENTITLEMENTS[sdk=iphoneos*]" = CodexMobile/CodexMobile.entitlements;
				CODE_SIGN_IDENTITY = "Apple Development";
				CODE_SIGN_STYLE = Automatic;
				CURRENT_PROJECT_VERSION = 113;
				DEVELOPMENT_TEAM = 47TANWQFHM;
				ENABLE_PREVIEWS = YES;
				GENERATE_INFOPLIST_FILE = NO;
				INFOPLIST_FILE = "BuildSupport/CodexMobile-Info.plist";
				INFOPLIST_KEY_CFBundleDisplayName = "Codeck Remote";
				INFOPLIST_KEY_LSApplicationCategoryType = "public.app-category.developer-tools";
				INFOPLIST_KEY_NSLocalNetworkUsageDescription = "Codeck Remote needs local network access to connect to your Codex app-server running on your Mac.";
				INFOPLIST_KEY_NSPhotoLibraryUsageDescription = "Codeck Remote needs photo library access to let you attach images to your messages.";
				INFOPLIST_KEY_UIApplicationSceneManifest_Generation = YES;
				INFOPLIST_KEY_UIApplicationSupportsIndirectInputEvents = YES;
				INFOPLIST_KEY_UILaunchScreen_Generation = YES;
				INFOPLIST_KEY_UISupportedInterfaceOrientations_iPad = "UIInterfaceOrientationPortrait UIInterfaceOrientationPortraitUpsideDown UIInterfaceOrientationLandscapeLeft UIInterfaceOrientationLandscapeRight";
				INFOPLIST_KEY_UISupportedInterfaceOrientations_iPhone = "UIInterfaceOrientationPortrait UIInterfaceOrientationLandscapeLeft UIInterfaceOrientationLandscapeRight";
				IPHONEOS_DEPLOYMENT_TARGET = 18.6;
				LD_RUNPATH_SEARCH_PATHS = (
					"$(inherited)",
					"@executable_path/Frameworks",
				);
				MARKETING_VERSION = 1.5;
				PRODUCT_BUNDLE_IDENTIFIER = com.jingyang.codeck.remote;
				PRODUCT_NAME = "$(TARGET_NAME)";
				PROVISIONING_PROFILE_SPECIFIER = "";
				STRING_CATALOG_GENERATE_SYMBOLS = YES;
				SUPPORTED_PLATFORMS = "iphoneos iphonesimulator";
				SUPPORTS_MACCATALYST = NO;
				SUPPORTS_MAC_DESIGNED_FOR_IPHONE_IPAD = NO;
				SWIFT_APPROACHABLE_CONCURRENCY = YES;
				SWIFT_DEFAULT_ACTOR_ISOLATION = MainActor;
				SWIFT_EMIT_LOC_STRINGS = YES;
				SWIFT_UPCOMING_FEATURE_MEMBER_IMPORT_VISIBILITY = YES;
				SWIFT_VERSION = 5.0;
				TARGETED_DEVICE_FAMILY = 1;
			};
			name = Debug;
		};
		C09A76BB2F4B8D7C003B3F3A /* Release */ = {
			isa = XCBuildConfiguration;
			baseConfigurationReference = 3B1A9C7D5E4F60718293A4B5 /* BuildSupport/Base.xcconfig */;
			buildSettings = {
				ASSETCATALOG_COMPILER_APPICON_NAME = Remodex;
				ASSETCATALOG_COMPILER_GLOBAL_ACCENT_COLOR_NAME = AccentColor;
				ASSETCATALOG_COMPILER_INCLUDE_ALL_APPICON_ASSETS = NO;
				"CODE_SIGN_ENTITLEMENTS[sdk=iphoneos*]" = CodexMobile/CodexMobile.entitlements;
				CODE_SIGN_IDENTITY = "Apple Development";
				CODE_SIGN_STYLE = Automatic;
				CURRENT_PROJECT_VERSION = 113;
				DEVELOPMENT_TEAM = 47TANWQFHM;
				ENABLE_PREVIEWS = YES;
				GENERATE_INFOPLIST_FILE = NO;
				INFOPLIST_FILE = "BuildSupport/CodexMobile-Info.plist";
				INFOPLIST_KEY_CFBundleDisplayName = "Codeck Remote";
				INFOPLIST_KEY_LSApplicationCategoryType = "public.app-category.developer-tools";
				INFOPLIST_KEY_NSLocalNetworkUsageDescription = "Codeck Remote needs local network access to connect to your Codex app-server running on your Mac.";
				INFOPLIST_KEY_NSPhotoLibraryUsageDescription = "Codeck Remote needs photo library access to let you attach images to your messages.";
				INFOPLIST_KEY_UIApplicationSceneManifest_Generation = YES;
				INFOPLIST_KEY_UIApplicationSupportsIndirectInputEvents = YES;
				INFOPLIST_KEY_UILaunchScreen_Generation = YES;
				INFOPLIST_KEY_UISupportedInterfaceOrientations_iPad = "UIInterfaceOrientationPortrait UIInterfaceOrientationPortraitUpsideDown UIInterfaceOrientationLandscapeLeft UIInterfaceOrientationLandscapeRight";
				INFOPLIST_KEY_UISupportedInterfaceOrientations_iPhone = "UIInterfaceOrientationPortrait UIInterfaceOrientationLandscapeLeft UIInterfaceOrientationLandscapeRight";
				IPHONEOS_DEPLOYMENT_TARGET = 18.6;
				LD_RUNPATH_SEARCH_PATHS = (
					"$(inherited)",
					"@executable_path/Frameworks",
				);
				MARKETING_VERSION = 1.5;
				PRODUCT_BUNDLE_IDENTIFIER = com.jingyang.codeck.remote;
				PRODUCT_NAME = "$(TARGET_NAME)";
				PROVISIONING_PROFILE_SPECIFIER = "";
				STRING_CATALOG_GENERATE_SYMBOLS = YES;
				SUPPORTED_PLATFORMS = "iphoneos iphonesimulator";
				SUPPORTS_MACCATALYST = NO;
				SUPPORTS_MAC_DESIGNED_FOR_IPHONE_IPAD = NO;
				SWIFT_APPROACHABLE_CONCURRENCY = YES;
				SWIFT_DEFAULT_ACTOR_ISOLATION = MainActor;
				SWIFT_EMIT_LOC_STRINGS = YES;
				SWIFT_UPCOMING_FEATURE_MEMBER_IMPORT_VISIBILITY = YES;
				SWIFT_VERSION = 5.0;
				TARGETED_DEVICE_FAMILY = 1;
			};
			name = Release;
		};
		F3FD411C7FC1B35EF716DE7C /* Release */ = {
			isa = XCBuildConfiguration;
			baseConfigurationReference = 3B1A9C7D5E4F60718293A4B5 /* BuildSupport/Base.xcconfig */;
			buildSettings = {
				ASSETCATALOG_COMPILER_APPICON_NAME = Remodex;
				ASSETCATALOG_COMPILER_GLOBAL_ACCENT_COLOR_NAME = AccentColor;
				CODE_SIGN_IDENTITY = "Apple Development";
				CODE_SIGN_STYLE = Automatic;
				COMBINE_HIDPI_IMAGES = YES;
				CURRENT_PROJECT_VERSION = 1;
				DEVELOPMENT_TEAM = HR24WHR326;
				ENABLE_PREVIEWS = YES;
				GENERATE_INFOPLIST_FILE = NO;
				INFOPLIST_FILE = "BuildSupport/RemodexMenuBar-Info.plist";
				INFOPLIST_KEY_CFBundleDisplayName = "Remodex Companion";
				LD_RUNPATH_SEARCH_PATHS = (
					"$(inherited)",
					"@executable_path/../Frameworks",
				);
				MACOSX_DEPLOYMENT_TARGET = 14.0;
				MARKETING_VERSION = 1.0;
				PRODUCT_BUNDLE_IDENTIFIER = com.emanueledipietro.RemodexMenuBar;
				PRODUCT_NAME = "$(TARGET_NAME)";
				SDKROOT = macosx;
				STRING_CATALOG_GENERATE_SYMBOLS = YES;
				SUPPORTED_PLATFORMS = macosx;
				SWIFT_APPROACHABLE_CONCURRENCY = YES;
				SWIFT_DEFAULT_ACTOR_ISOLATION = MainActor;
				SWIFT_EMIT_LOC_STRINGS = YES;
				SWIFT_UPCOMING_FEATURE_MEMBER_IMPORT_VISIBILITY = YES;
				SWIFT_VERSION = 5.0;
			};
			name = Release;
		};
		FAEEA48258EA5647873C3AD6 /* Debug */ = {
			isa = XCBuildConfiguration;
			baseConfigurationReference = 3B1A9C7D5E4F60718293A4B5 /* BuildSupport/Base.xcconfig */;
			buildSettings = {
				ASSETCATALOG_COMPILER_APPICON_NAME = Remodex;
				ASSETCATALOG_COMPILER_GLOBAL_ACCENT_COLOR_NAME = AccentColor;
				CODE_SIGN_IDENTITY = "Apple Development";
				CODE_SIGN_STYLE = Automatic;
				COMBINE_HIDPI_IMAGES = YES;
				CURRENT_PROJECT_VERSION = 1;
				DEVELOPMENT_TEAM = HR24WHR326;
				ENABLE_PREVIEWS = YES;
				GENERATE_INFOPLIST_FILE = NO;
				INFOPLIST_FILE = "BuildSupport/RemodexMenuBar-Info.plist";
				INFOPLIST_KEY_CFBundleDisplayName = "Remodex Companion";
				LD_RUNPATH_SEARCH_PATHS = (
					"$(inherited)",
					"@executable_path/../Frameworks",
				);
				MACOSX_DEPLOYMENT_TARGET = 14.0;
				MARKETING_VERSION = 1.0;
				PRODUCT_BUNDLE_IDENTIFIER = com.emanueledipietro.RemodexMenuBar;
				PRODUCT_NAME = "$(TARGET_NAME)";
				SDKROOT = macosx;
				STRING_CATALOG_GENERATE_SYMBOLS = YES;
				SUPPORTED_PLATFORMS = macosx;
				SWIFT_APPROACHABLE_CONCURRENCY = YES;
				SWIFT_DEFAULT_ACTOR_ISOLATION = MainActor;
				SWIFT_EMIT_LOC_STRINGS = YES;
				SWIFT_UPCOMING_FEATURE_MEMBER_IMPORT_VISIBILITY = YES;
				SWIFT_VERSION = 5.0;
			};
			name = Debug;
		};
/* End XCBuildConfiguration section */

/* Begin XCConfigurationList section */
		520922595A0A6AF31B19F229 /* Build configuration list for PBXNativeTarget "CodexMobileUITests" */ = {
			isa = XCConfigurationList;
			buildConfigurations = (
				8426CF6884E52AD84593126D /* Release */,
				65A5DA106464FE5B4A8C283B /* Debug */,
			);
			defaultConfigurationIsVisible = 0;
			defaultConfigurationName = Release;
		};
		A12D73031EE6808173A99691 /* Build configuration list for PBXNativeTarget "CodexMobileTests" */ = {
			isa = XCConfigurationList;
			buildConfigurations = (
				A71FD816CC5B382C7BEB2025 /* Release */,
				501D189BC697D4A1009B0D76 /* Debug */,
			);
			defaultConfigurationIsVisible = 0;
			defaultConfigurationName = Release;
		};
		C09A76A92F4B8D7B003B3F3A /* Build configuration list for PBXProject "CodexMobile" */ = {
			isa = XCConfigurationList;
			buildConfigurations = (
				C09A76B72F4B8D7C003B3F3A /* Debug */,
				C09A76B82F4B8D7C003B3F3A /* Release */,
			);
			defaultConfigurationIsVisible = 0;
			defaultConfigurationName = Release;
		};
		C09A76B92F4B8D7C003B3F3A /* Build configuration list for PBXNativeTarget "CodexMobile" */ = {
			isa = XCConfigurationList;
			buildConfigurations = (
				C09A76BA2F4B8D7C003B3F3A /* Debug */,
				C09A76BB2F4B8D7C003B3F3A /* Release */,
			);
			defaultConfigurationIsVisible = 0;
			defaultConfigurationName = Release;
		};
		C978CFA24307FCCEEA59F4AD /* Build configuration list for PBXNativeTarget "RemodexMenuBar" */ = {
			isa = XCConfigurationList;
			buildConfigurations = (
				F3FD411C7FC1B35EF716DE7C /* Release */,
				FAEEA48258EA5647873C3AD6 /* Debug */,
			);
			defaultConfigurationIsVisible = 0;
			defaultConfigurationName = Release;
		};
/* End XCConfigurationList section */

/* Begin XCRemoteSwiftPackageReference section */
		C04E21492F71D34100AA3193 /* XCRemoteSwiftPackageReference "purchases-ios-spm" */ = {
			isa = XCRemoteSwiftPackageReference;
			repositoryURL = "https://github.com/RevenueCat/purchases-ios-spm.git";
			requirement = {
				kind = upToNextMajorVersion;
				minimumVersion = 5.66.0;
			};
		};
		C0DED3342F5E39DC0021A8E8 /* XCRemoteSwiftPackageReference "textual" */ = {
			isa = XCRemoteSwiftPackageReference;
			repositoryURL = "https://github.com/devnoname120/textual.git";
			requirement = {
				kind = revision;
				revision = ac751f2fcfc96309d9330ee9a7356840f964e211;
			};
		};
		C0F0D1FD2F7210A700A17B41 /* XCRemoteSwiftPackageReference "MarkdownView" */ = {
			isa = XCRemoteSwiftPackageReference;
			repositoryURL = "https://github.com/HumanInterfaceDesign/MarkdownView";
			requirement = {
				kind = revision;
				revision = cfb3074d53eed1da1dc2d4c18d51d50d5f975967;
			};
		};
/* End XCRemoteSwiftPackageReference section */

/* Begin XCSwiftPackageProductDependency section */
		C04E214A2F71D34100AA3193 /* RevenueCat */ = {
			isa = XCSwiftPackageProductDependency;
			package = C04E21492F71D34100AA3193 /* XCRemoteSwiftPackageReference "purchases-ios-spm" */;
			productName = RevenueCat;
		};
		C0DED3352F5E39DC0021A8E8 /* Textual */ = {
			isa = XCSwiftPackageProductDependency;
			package = C0DED3342F5E39DC0021A8E8 /* XCRemoteSwiftPackageReference "textual" */;
			productName = Textual;
		};
		C0F0D1FE2F7210A700A17B41 /* MarkdownView */ = {
			isa = XCSwiftPackageProductDependency;
			package = C0F0D1FD2F7210A700A17B41 /* XCRemoteSwiftPackageReference "MarkdownView" */;
			productName = MarkdownView;
		};
/* End XCSwiftPackageProductDependency section */
	};
	rootObject = C09A76A62F4B8D7B003B3F3A /* Project object */;
}
